
Microsoft Visual Studio Solution File, Format Version 12.00
# Visual Studio Version 17
VisualStudioVersion = 17.11.35312.102
MinimumVisualStudioVersion = 10.0.40219.1
Project("{FAE04EC0-301F-11D3-BF4B-00C04F79EFBC}") = "VideoGames", "VideoGames\VideoGames.csproj", "{4A5A59CA-82C8-4219-8C87-3CD4B85C5B38}"
EndProject
Global
	GlobalSection(SolutionConfigurationPlatforms) = preSolution
		Debug|Any CPU = Debug|Any CPU
		Release|Any CPU = Release|Any CPU
	EndGlobalSection
	GlobalSection(ProjectConfigurationPlatforms) = postSolution
		{4A5A59CA-82C8-4219-8C87-3CD4B85C5B38}.Debug|Any CPU.ActiveCfg = Debug|Any CPU
		{4A5A59CA-82C8-4219-8C87-3CD4B85C5B38}.Debug|Any CPU.Build.0 = Debug|Any CPU
		{4A5A59CA-82C8-4219-8C87-3CD4B85C5B38}.Release|Any CPU.ActiveCfg = Release|Any CPU
		{4A5A59CA-82C8-4219-8C87-3CD4B85C5B38}.Release|Any CPU.Build.0 = Release|Any CPU
	EndGlobalSection
	GlobalSection(SolutionProperties) = preSolution
		HideSolutionNode = FALSE
	EndGlobalSection
	GlobalSection(ExtensibilityGlobals) = postSolution
		SolutionGuid = {6F2CC1A1-829E-4D07-848F-CAEE02D9C72F}
	EndGlobalSection
EndGlobal
